// !$*UTF8*$!
{
	archiveVersion = 1;
	classes = {
	};
	objectVersion = 46;
	objects = {

/* Begin PBXBuildFile section */
		8404CB1518BD28AB003BC812 /* Foundation.framework in Frameworks */ = {isa = PBXBuildFile; fileRef = 8404CB1418BD28AB003BC812 /* Foundation.framework */; };
		8404CB1718BD28AB003BC812 /* CoreGraphics.framework in Frameworks */ = {isa = PBXBuildFile; fileRef = 8404CB1618BD28AB003BC812 /* CoreGraphics.framework */; };
		8404CB1918BD28AB003BC812 /* UIKit.framework in Frameworks */ = {isa = PBXBuildFile; fileRef = 8404CB1818BD28AB003BC812 /* UIKit.framework */; };
		8404CB1F18BD28AB003BC812 /* InfoPlist.strings in Resources */ = {isa = PBXBuildFile; fileRef = 8404CB1D18BD28AB003BC812 /* InfoPlist.strings */; };
		8404CB2118BD28AB003BC812 /* main.m in Sources */ = {isa = PBXBuildFile; fileRef = 8404CB2018BD28AB003BC812 /* main.m */; };
		8404CB2518BD28AB003BC812 /* GVAppDelegate.m in Sources */ = {isa = PBXBuildFile; fileRef = 8404CB2418BD28AB003BC812 /* GVAppDelegate.m */; };
		8404CB2818BD28AB003BC812 /* Main.storyboard in Resources */ = {isa = PBXBuildFile; fileRef = 8404CB2618BD28AB003BC812 /* Main.storyboard */; };
		8404CB2B18BD28AB003BC812 /* GVViewController.m in Sources */ = {isa = PBXBuildFile; fileRef = 8404CB2A18BD28AB003BC812 /* GVViewController.m */; };
		8404CB3418BD28AB003BC812 /* XCTest.framework in Frameworks */ = {isa = PBXBuildFile; fileRef = 8404CB3318BD28AB003BC812 /* XCTest.framework */; };
		8404CB3518BD28AB003BC812 /* Foundation.framework in Frameworks */ = {isa = PBXBuildFile; fileRef = 8404CB1418BD28AB003BC812 /* Foundation.framework */; };
		8404CB3618BD28AB003BC812 /* UIKit.framework in Frameworks */ = {isa = PBXBuildFile; fileRef = 8404CB1818BD28AB003BC812 /* UIKit.framework */; };
		8404CB3E18BD28AB003BC812 /* InfoPlist.strings in Resources */ = {isa = PBXBuildFile; fileRef = 8404CB3C18BD28AB003BC812 /* InfoPlist.strings */; };
		8404CB4018BD28AB003BC812 /* ProjectTests.m in Sources */ = {isa = PBXBuildFile; fileRef = 8404CB3F18BD28AB003BC812 /* ProjectTests.m */; };
		8404CB4C18BD28FD003BC812 /* GVGradientView.m in Sources */ = {isa = PBXBuildFile; fileRef = 8404CB4B18BD28FD003BC812 /* GVGradientView.m */; };
		E7C77CB31F673F4D00F42CD2 /* Media.xcassets in Resources */ = {isa = PBXBuildFile; fileRef = E7C77CB21F673F4D00F42CD2 /* Media.xcassets */; };
		E7C77CB51F673F8100F42CD2 /* Launch Screen.storyboard in Resources */ = {isa = PBXBuildFile; fileRef = E7C77CB41F673F8100F42CD2 /* Launch Screen.storyboard */; };
/* End PBXBuildFile section */

/* Begin PBXContainerItemProxy section */
		8404CB3718BD28AB003BC812 /* PBXContainerItemProxy */ = {
			isa = PBXContainerItemProxy;
			containerPortal = 8404CB0918BD28AB003BC812 /* Project object */;
			proxyType = 1;
			remoteGlobalIDString = 8404CB1018BD28AB003BC812;
			remoteInfo = Project;
		};
/* End PBXContainerItemProxy section */

/* Begin PBXFileReference section */
		8404CB1118BD28AB003BC812 /* Project.app */ = {isa = PBXFileReference; explicitFileType = wrapper.application; includeInIndex = 0; path = Project.app; sourceTree = BUILT_PRODUCTS_DIR; };
		8404CB1418BD28AB003BC812 /* Foundation.framework */ = {isa = PBXFileReference; lastKnownFileType = wrapper.framework; name = Foundation.framework; path = System/Library/Frameworks/Foundation.framework; sourceTree = SDKROOT; };
		8404CB1618BD28AB003BC812 /* CoreGraphics.framework */ = {isa = PBXFileReference; lastKnownFileType = wrapper.framework; name = CoreGraphics.framework; path = System/Library/Frameworks/CoreGraphics.framework; sourceTree = SDKROOT; };
		8404CB1818BD28AB003BC812 /* UIKit.framework */ = {isa = PBXFileReference; lastKnownFileType = wrapper.framework; name = UIKit.framework; path = System/Library/Frameworks/UIKit.framework; sourceTree = SDKROOT; };
		8404CB1C18BD28AB003BC812 /* Project-Info.plist */ = {isa = PBXFileReference; lastKnownFileType = text.plist.xml; path = "Project-Info.plist"; sourceTree = "<group>"; };
		8404CB1E18BD28AB003BC812 /* en */ = {isa = PBXFileReference; lastKnownFileType = text.plist.strings; name = en; path = en.lproj/InfoPlist.strings; sourceTree = "<group>"; };
		8404CB2018BD28AB003BC812 /* main.m */ = {isa = PBXFileReference; lastKnownFileType = sourcecode.c.objc; path = main.m; sourceTree = "<group>"; };
		8404CB2218BD28AB003BC812 /* Project-Prefix.pch */ = {isa = PBXFileReference; lastKnownFileType = sourcecode.c.h; path = "Project-Prefix.pch"; sourceTree = "<group>"; };
		8404CB2318BD28AB003BC812 /* GVAppDelegate.h */ = {isa = PBXFileReference; lastKnownFileType = sourcecode.c.h; path = GVAppDelegate.h; sourceTree = "<group>"; };
		8404CB2418BD28AB003BC812 /* GVAppDelegate.m */ = {isa = PBXFileReference; lastKnownFileType = sourcecode.c.objc; path = GVAppDelegate.m; sourceTree = "<group>"; };
		8404CB2718BD28AB003BC812 /* Base */ = {isa = PBXFileReference; lastKnownFileType = file.storyboard; name = Base; path = Base.lproj/Main.storyboard; sourceTree = "<group>"; };
		8404CB2918BD28AB003BC812 /* GVViewController.h */ = {isa = PBXFileReference; lastKnownFileType = sourcecode.c.h; path = GVViewController.h; sourceTree = "<group>"; };
		8404CB2A18BD28AB003BC812 /* GVViewController.m */ = {isa = PBXFileReference; lastKnownFileType = sourcecode.c.objc; path = GVViewController.m; sourceTree = "<group>"; };
		8404CB3218BD28AB003BC812 /* ProjectTests.xctest */ = {isa = PBXFileReference; explicitFileType = wrapper.cfbundle; includeInIndex = 0; path = ProjectTests.xctest; sourceTree = BUILT_PRODUCTS_DIR; };
		8404CB3318BD28AB003BC812 /* XCTest.framework */ = {isa = PBXFileReference; lastKnownFileType = wrapper.framework; name = XCTest.framework; path = Library/Frameworks/XCTest.framework; sourceTree = DEVELOPER_DIR; };
		8404CB3B18BD28AB003BC812 /* ProjectTests-Info.plist */ = {isa = PBXFileReference; lastKnownFileType = text.plist.xml; path = "ProjectTests-Info.plist"; sourceTree = "<group>"; };
		8404CB3D18BD28AB003BC812 /* en */ = {isa = PBXFileReference; lastKnownFileType = text.plist.strings; name = en; path = en.lproj/InfoPlist.strings; sourceTree = "<group>"; };
		8404CB3F18BD28AB003BC812 /* ProjectTests.m */ = {isa = PBXFileReference; lastKnownFileType = sourcecode.c.objc; path = ProjectTests.m; sourceTree = "<group>"; };
		8404CB4A18BD28FD003BC812 /* GVGradientView.h */ = {isa = PBXFileReference; fileEncoding = 4; lastKnownFileType = sourcecode.c.h; path = GVGradientView.h; sourceTree = "<group>"; };
		8404CB4B18BD28FD003BC812 /* GVGradientView.m */ = {isa = PBXFileReference; fileEncoding = 4; lastKnownFileType = sourcecode.c.objc; path = GVGradientView.m; sourceTree = "<group>"; };
		E7C77CB21F673F4D00F42CD2 /* Media.xcassets */ = {isa = PBXFileReference; lastKnownFileType = folder.assetcatalog; path = Media.xcassets; sourceTree = "<group>"; };
		E7C77CB41F673F8100F42CD2 /* Launch Screen.storyboard */ = {isa = PBXFileReference; fileEncoding = 4; lastKnownFileType = file.storyboard; path = "Launch Screen.storyboard"; sourceTree = "<group>"; };
/* End PBXFileReference section */

/* Begin PBXFrameworksBuildPhase section */
		8404CB0E18BD28AB003BC812 /* Frameworks */ = {
			isa = PBXFrameworksBuildPhase;
			buildActionMask = 2147483647;
			files = (
				8404CB1718BD28AB003BC812 /* CoreGraphics.framework in Frameworks */,
				8404CB1918BD28AB003BC812 /* UIKit.framework in Frameworks */,
				8404CB1518BD28AB003BC812 /* Foundation.framework in Frameworks */,
			);
			runOnlyForDeploymentPostprocessing = 0;
		};
		8404CB2F18BD28AB003BC812 /* Frameworks */ = {
			isa = PBXFrameworksBuildPhase;
			buildActionMask = 2147483647;
			files = (
				8404CB3418BD28AB003BC812 /* XCTest.framework in Frameworks */,
				8404CB3618BD28AB003BC812 /* UIKit.framework in Frameworks */,
				8404CB3518BD28AB003BC812 /* Foundation.framework in Frameworks */,
			);
			runOnlyForDeploymentPostprocessing = 0;
		};
/* End PBXFrameworksBuildPhase section */

/* Begin PBXGroup section */
		8404CB0818BD28AB003BC812 = {
			isa = PBXGroup;
			children = (
				8404CB4918BD28FD003BC812 /* Classes */,
				8404CB1A18BD28AB003BC812 /* Project */,
				8404CB3918BD28AB003BC812 /* ProjectTests */,
				8404CB1318BD28AB003BC812 /* Frameworks */,
				8404CB1218BD28AB003BC812 /* Products */,
			);
			sourceTree = "<group>";
		};
		8404CB1218BD28AB003BC812 /* Products */ = {
			isa = PBXGroup;
			children = (
				8404CB1118BD28AB003BC812 /* Project.app */,
				8404CB3218BD28AB003BC812 /* ProjectTests.xctest */,
			);
			name = Products;
			sourceTree = "<group>";
		};
		8404CB1318BD28AB003BC812 /* Frameworks */ = {
			isa = PBXGroup;
			children = (
				8404CB1418BD28AB003BC812 /* Foundation.framework */,
				8404CB1618BD28AB003BC812 /* CoreGraphics.framework */,
				8404CB1818BD28AB003BC812 /* UIKit.framework */,
				8404CB3318BD28AB003BC812 /* XCTest.framework */,
			);
			name = Frameworks;
			sourceTree = "<group>";
		};
		8404CB1A18BD28AB003BC812 /* Project */ = {
			isa = PBXGroup;
			children = (
				8404CB2618BD28AB003BC812 /* Main.storyboard */,
				8404CB2918BD28AB003BC812 /* GVViewController.h */,
				8404CB2A18BD28AB003BC812 /* GVViewController.m */,
				8404CB1B18BD28AB003BC812 /* Supporting Files */,
			);
			path = Project;
			sourceTree = "<group>";
		};
		8404CB1B18BD28AB003BC812 /* Supporting Files */ = {
			isa = PBXGroup;
			children = (
				8404CB2318BD28AB003BC812 /* GVAppDelegate.h */,
				8404CB2418BD28AB003BC812 /* GVAppDelegate.m */,
				8404CB1C18BD28AB003BC812 /* Project-Info.plist */,
				8404CB1D18BD28AB003BC812 /* InfoPlist.strings */,
				8404CB2018BD28AB003BC812 /* main.m */,
				8404CB2218BD28AB003BC812 /* Project-Prefix.pch */,
				E7C77CB21F673F4D00F42CD2 /* Media.xcassets */,
				E7C77CB41F673F8100F42CD2 /* Launch Screen.storyboard */,
			);
			name = "Supporting Files";
			sourceTree = "<group>";
		};
		8404CB3918BD28AB003BC812 /* ProjectTests */ = {
			isa = PBXGroup;
			children = (
				8404CB3F18BD28AB003BC812 /* ProjectTests.m */,
				8404CB3A18BD28AB003BC812 /* Supporting Files */,
			);
			path = ProjectTests;
			sourceTree = "<group>";
		};
		8404CB3A18BD28AB003BC812 /* Supporting Files */ = {
			isa = PBXGroup;
			children = (
				8404CB3B18BD28AB003BC812 /* ProjectTests-Info.plist */,
				8404CB3C18BD28AB003BC812 /* InfoPlist.strings */,
			);
			name = "Supporting Files";
			sourceTree = "<group>";
		};
		8404CB4918BD28FD003BC812 /* Classes */ = {
			isa = PBXGroup;
			children = (
				8404CB4A18BD28FD003BC812 /* GVGradientView.h */,
				8404CB4B18BD28FD003BC812 /* GVGradientView.m */,
			);
			name = Classes;
			path = ../Classes;
			sourceTree = "<group>";
		};
/* End PBXGroup section */

/* Begin PBXNativeTarget section */
		8404CB1018BD28AB003BC812 /* Project */ = {
			isa = PBXNativeTarget;
			buildConfigurationList = 8404CB4318BD28AB003BC812 /* Build configuration list for PBXNativeTarget "Project" */;
			buildPhases = (
				8404CB0D18BD28AB003BC812 /* Sources */,
				8404CB0E18BD28AB003BC812 /* Frameworks */,
				8404CB0F18BD28AB003BC812 /* Resources */,
			);
			buildRules = (
			);
			dependencies = (
			);
			name = Project;
			productName = Project;
			productReference = 8404CB1118BD28AB003BC812 /* Project.app */;
			productType = "com.apple.product-type.application";
		};
		8404CB3118BD28AB003BC812 /* ProjectTests */ = {
			isa = PBXNativeTarget;
			buildConfigurationList = 8404CB4618BD28AB003BC812 /* Build configuration list for PBXNativeTarget "ProjectTests" */;
			buildPhases = (
				8404CB2E18BD28AB003BC812 /* Sources */,
				8404CB2F18BD28AB003BC812 /* Frameworks */,
				8404CB3018BD28AB003BC812 /* Resources */,
			);
			buildRules = (
			);
			dependencies = (
				8404CB3818BD28AB003BC812 /* PBXTargetDependency */,
			);
			name = ProjectTests;
			productName = ProjectTests;
			productReference = 8404CB3218BD28AB003BC812 /* ProjectTests.xctest */;
			productType = "com.apple.product-type.bundle.unit-test";
		};
/* End PBXNativeTarget section */

/* Begin PBXProject section */
		8404CB0918BD28AB003BC812 /* Project object */ = {
			isa = PBXProject;
			attributes = {
				CLASSPREFIX = GV;
				LastUpgradeCheck = 0830;
				ORGANIZATIONNAME = "Goncharov Vladimir";
				TargetAttributes = {
					8404CB3118BD28AB003BC812 = {
						TestTargetID = 8404CB1018BD28AB003BC812;
					};
				};
			};
			buildConfigurationList = 8404CB0C18BD28AB003BC812 /* Build configuration list for PBXProject "Project" */;
			compatibilityVersion = "Xcode 3.2";
			developmentRegion = English;
			hasScannedForEncodings = 0;
			knownRegions = (
				en,
				Base,
			);
			mainGroup = 8404CB0818BD28AB003BC812;
			productRefGroup = 8404CB1218BD28AB003BC812 /* Products */;
			projectDirPath = "";
			projectRoot = "";
			targets = (
				8404CB1018BD28AB003BC812 /* Project */,
				8404CB3118BD28AB003BC812 /* ProjectTests */,
			);
		};
/* End PBXProject section */

/* Begin PBXResourcesBuildPhase section */
		8404CB0F18BD28AB003BC812 /* Resources */ = {
			isa = PBXResourcesBuildPhase;
			buildActionMask = 2147483647;
			files = (
				8404CB1F18BD28AB003BC812 /* InfoPlist.strings in Resources */,
				E7C77CB31F673F4D00F42CD2 /* Media.xcassets in Resources */,
				E7C77CB51F673F8100F42CD2 /* Launch Screen.storyboard in Resources */,
				8404CB2818BD28AB003BC812 /* Main.storyboard in Resources */,
			);
			runOnlyForDeploymentPostprocessing = 0;
		};
		8404CB3018BD28AB003BC812 /* Resources */ = {
			isa = PBXResourcesBuildPhase;
			buildActionMask = 2147483647;
			files = (
				8404CB3E18BD28AB003BC812 /* InfoPlist.strings in Resources */,
			);
			runOnlyForDeploymentPostprocessing = 0;
		};
/* End PBXResourcesBuildPhase section */

/* Begin PBXSourcesBuildPhase section */
		8404CB0D18BD28AB003BC812 /* Sources */ = {
			isa = PBXSourcesBuildPhase;
			buildActionMask = 2147483647;
			files = (
				8404CB2118BD28AB003BC812 /* main.m in Sources */,
				8404CB4C18BD28FD003BC812 /* GVGradientView.m in Sources */,
				8404CB2B18BD28AB003BC812 /* GVViewController.m in Sources */,
				8404CB2518BD28AB003BC812 /* GVAppDelegate.m in Sources */,
			);
			runOnlyForDeploymentPostprocessing = 0;
		};
		8404CB2E18BD28AB003BC812 /* Sources */ = {
			isa = PBXSourcesBuildPhase;
			buildActionMask = 2147483647;
			files = (
				8404CB4018BD28AB003BC812 /* ProjectTests.m in Sources */,
			);
			runOnlyForDeploymentPostprocessing = 0;
		};
/* End PBXSourcesBuildPhase section */

/* Begin PBXTargetDependency section */
		8404CB3818BD28AB003BC812 /* PBXTargetDependency */ = {
			isa = PBXTargetDependency;
			target = 8404CB1018BD28AB003BC812 /* Project */;
			targetProxy = 8404CB3718BD28AB003BC812 /* PBXContainerItemProxy */;
		};
/* End PBXTargetDependency section */

/* Begin PBXVariantGroup section */
		8404CB1D18BD28AB003BC812 /* InfoPlist.strings */ = {
			isa = PBXVariantGroup;
			children = (
				8404CB1E18BD28AB003BC812 /* en */,
			);
			name = InfoPlist.strings;
			sourceTree = "<group>";
		};
		8404CB2618BD28AB003BC812 /* Main.storyboard */ = {
			isa = PBXVariantGroup;
			children = (
				8404CB2718BD28AB003BC812 /* Base */,
			);
			name = Main.storyboard;
			sourceTree = "<group>";
		};
		8404CB3C18BD28AB003BC812 /* InfoPlist.strings */ = {
			isa = PBXVariantGroup;
			children = (
				8404CB3D18BD28AB003BC812 /* en */,
			);
			name = InfoPlist.strings;
			sourceTree = "<group>";
		};
/* End PBXVariantGroup section */

/* Begin XCBuildConfiguration section */
		8404CB4118BD28AB003BC812 /* Debug */ = {
			isa = XCBuildConfiguration;
			buildSettings = {
				ALWAYS_SEARCH_USER_PATHS = NO;
				CLANG_CXX_LANGUAGE_STANDARD = "gnu++0x";
				CLANG_CXX_LIBRARY = "libc++";
				CLANG_ENABLE_MODULES = YES;
				CLANG_ENABLE_OBJC_ARC = YES;
				CLANG_WARN_BOOL_CONVERSION = YES;
				CLANG_WARN_CONSTANT_CONVERSION = YES;
				CLANG_WARN_DIRECT_OBJC_ISA_USAGE = YES_ERROR;
				CLANG_WARN_EMPTY_BODY = YES;
				CLANG_WARN_ENUM_CONVERSION = YES;
				CLANG_WARN_INFINITE_RECURSION = YES;
				CLANG_WARN_INT_CONVERSION = YES;
				CLANG_WARN_OBJC_ROOT_CLASS = YES_ERROR;
				CLANG_WARN_SUSPICIOUS_MOVE = YES;
				CLANG_WARN_UNREACHABLE_CODE = YES;
				CLANG_WARN__DUPLICATE_METHOD_MATCH = YES;
				"CODE_SIGN_IDENTITY[sdk=iphoneos*]" = "iPhone Developer";
				COPY_PHASE_STRIP = NO;
				ENABLE_STRICT_OBJC_MSGSEND = YES;
				ENABLE_TESTABILITY = YES;
				GCC_C_LANGUAGE_STANDARD = gnu99;
				GCC_DYNAMIC_NO_PIC = NO;
				GCC_NO_COMMON_BLOCKS = YES;
				GCC_OPTIMIZATION_LEVEL = 0;
				GCC_PREPROCESSOR_DEFINITIONS = (
					"DEBUG=1",
					"$(inherited)",
				);
				GCC_SYMBOLS_PRIVATE_EXTERN = NO;
				GCC_WARN_64_TO_32_BIT_CONVERSION = YES;
				GCC_WARN_ABOUT_RETURN_TYPE = YES_ERROR;
				GCC_WARN_UNDECLARED_SELECTOR = YES;
				GCC_WARN_UNINITIALIZED_AUTOS = YES;
				GCC_WARN_UNUSED_FUNCTION = YES;
				GCC_WARN_UNUSED_VARIABLE = YES;
				IPHONEOS_DEPLOYMENT_TARGET = 8.0;
				ONLY_ACTIVE_ARCH = YES;
				SDKROOT = iphoneos;
			};
			name = Debug;
		};
		8404CB4218BD28AB003BC812 /* Release */ = {
			isa = XCBuildConfiguration;
			buildSettings = {
				ALWAYS_SEARCH_USER_PATHS = NO;
				CLANG_CXX_LANGUAGE_STANDARD = "gnu++0x";
				CLANG_CXX_LIBRARY = "libc++";
				CLANG_ENABLE_MODULES = YES;
				CLANG_ENABLE_OBJC_ARC = YES;
				CLANG_WARN_BOOL_CONVERSION = YES;
				CLANG_WARN_CONSTANT_CONVERSION = YES;
				CLANG_WARN_DIRECT_OBJC_ISA_USAGE = YES_ERROR;
				CLANG_WARN_EMPTY_BODY = YES;
				CLANG_WARN_ENUM_CONVERSION = YES;
				CLANG_WARN_INFINITE_RECURSION = YES;
				CLANG_WARN_INT_CONVERSION = YES;
				CLANG_WARN_OBJC_ROOT_CLASS = YES_ERROR;
				CLANG_WARN_SUSPICIOUS_MOVE = YES;
				CLANG_WARN_UNREACHABLE_CODE = YES;
				CLANG_WARN__DUPLICATE_METHOD_MATCH = YES;
				"CODE_SIGN_IDENTITY[sdk=iphoneos*]" = "iPhone Developer";
				COPY_PHASE_STRIP = YES;
				ENABLE_NS_ASSERTIONS = NO;
				ENABLE_STRICT_OBJC_MSGSEND = YES;
				GCC_C_LANGUAGE_STANDARD = gnu99;
				GCC_NO_COMMON_BLOCKS = YES;
				GCC_WARN_64_TO_32_BIT_CONVERSION = YES;
				GCC_WARN_ABOUT_RETURN_TYPE = YES_ERROR;
				GCC_WARN_UNDECLARED_SELECTOR = YES;
				GCC_WARN_UNINITIALIZED_AUTOS = YES;
				GCC_WARN_UNUSED_FUNCTION = YES;
				GCC_WARN_UNUSED_VARIABLE = YES;
				IPHONEOS_DEPLOYMENT_TARGET = 8.0;
				SDKROOT = iphoneos;
				VALIDATE_PRODUCT = YES;
			};
			name = Release;
		};
		8404CB4418BD28AB003BC812 /* Debug */ = {
			isa = XCBuildConfiguration;
			buildSettings = {
				ASSETCATALOG_COMPILER_APPICON_NAME = AppIcon;
				GCC_PRECOMPILE_PREFIX_HEADER = YES;
				GCC_PREFIX_HEADER = "Project/Project-Prefix.pch";
				INFOPLIST_FILE = "Project/Project-Info.plist";
				IPHONEOS_DEPLOYMENT_TARGET = 8.0;
				PRODUCT_BUNDLE_IDENTIFIER = "flatstack.${PRODUCT_NAME:rfc1034identifier}";
				PRODUCT_NAME = "$(TARGET_NAME)";
				WRAPPER_EXTENSION = app;
			};
			name = Debug;
		};
		8404CB4518BD28AB003BC812 /* Release */ = {
			isa = XCBuildConfiguration;
			buildSettings = {
				ASSETCATALOG_COMPILER_APPICON_NAME = AppIcon;
				GCC_PRECOMPILE_PREFIX_HEADER = YES;
				GCC_PREFIX_HEADER = "Project/Project-Prefix.pch";
				INFOPLIST_FILE = "Project/Project-Info.plist";
				IPHONEOS_DEPLOYMENT_TARGET = 8.0;
				PRODUCT_BUNDLE_IDENTIFIER = "flatstack.${PRODUCT_NAME:rfc1034identifier}";
				PRODUCT_NAME = "$(TARGET_NAME)";
				WRAPPER_EXTENSION = app;
			};
			name = Release;
		};
		8404CB4718BD28AB003BC812 /* Debug */ = {
			isa = XCBuildConfiguration;
			buildSettings = {
				BUNDLE_LOADER = "$(BUILT_PRODUCTS_DIR)/Project.app/Project";
				FRAMEWORK_SEARCH_PATHS = (
					"$(SDKROOT)/Developer/Library/Frameworks",
					"$(inherited)",
					"$(DEVELOPER_FRAMEWORKS_DIR)",
				);
				GCC_PRECOMPILE_PREFIX_HEADER = YES;
				GCC_PREFIX_HEADER = "Project/Project-Prefix.pch";
				GCC_PREPROCESSOR_DEFINITIONS = (
					"DEBUG=1",
					"$(inherited)",
				);
				INFOPLIST_FILE = "ProjectTests/ProjectTests-Info.plist";
				PRODUCT_BUNDLE_IDENTIFIER = "flatstack.${PRODUCT_NAME:rfc1034identifier}";
				PRODUCT_NAME = "$(TARGET_NAME)";
				TEST_HOST = "$(BUNDLE_LOADER)";
				WRAPPER_EXTENSION = xctest;
			};
			name = Debug;
		};
		8404CB4818BD28AB003BC812 /* Release */ = {
			isa = XCBuildConfiguration;
			buildSettings = {
				BUNDLE_LOADER = "$(BUILT_PRODUCTS_DIR)/Project.app/Project";
				FRAMEWORK_SEARCH_PATHS = (
					"$(SDKROOT)/Developer/Library/Frameworks",
					"$(inherited)",
					"$(DEVELOPER_FRAMEWORKS_DIR)",
				);
				GCC_PRECOMPILE_PREFIX_HEADER = YES;
				GCC_PREFIX_HEADER = "Project/Project-Prefix.pch";
				INFOPLIST_FILE = "ProjectTests/ProjectTests-Info.plist";
				PRODUCT_BUNDLE_IDENTIFIER = "flatstack.${PRODUCT_NAME:rfc1034identifier}";
				PRODUCT_NAME = "$(TARGET_NAME)";
				TEST_HOST = "$(BUNDLE_LOADER)";
				WRAPPER_EXTENSION = xctest;
			};
			name = Release;
		};
/* End XCBuildConfiguration section */

/* Begin XCConfigurationList section */
		8404CB0C18BD28AB003BC812 /* Build configuration list for PBXProject "Project" */ = {
			isa = XCConfigurationList;
			buildConfigurations = (
				8404CB4118BD28AB003BC812 /* Debug */,
				8404CB4218BD28AB003BC812 /* Release */,
			);
			defaultConfigurationIsVisible = 0;
			defaultConfigurationName = Release;
		};
		8404CB4318BD28AB003BC812 /* Build configuration list for PBXNativeTarget "Project" */ = {
			isa = XCConfigurationList;
			buildConfigurations = (
				8404CB4418BD28AB003BC812 /* Debug */,
				8404CB4518BD28AB003BC812 /* Release */,
			);
			defaultConfigurationIsVisible = 0;
			defaultConfigurationName = Release;
		};
		8404CB4618BD28AB003BC812 /* Build configuration list for PBXNativeTarget "ProjectTests" */ = {
			isa = XCConfigurationList;
			buildConfigurations = (
				8404CB4718BD28AB003BC812 /* Debug */,
				8404CB4818BD28AB003BC812 /* Release */,
			);
			defaultConfigurationIsVisible = 0;
			defaultConfigurationName = Release;
		};
/* End XCConfigurationList section */
	};
	rootObject = 8404CB0918BD28AB003BC812 /* Project object */;
}
